
Microsoft Visual Studio Solution File, Format Version 12.00
# Visual Studio Version 17
VisualStudioVersion = 17.3.32929.385
MinimumVisualStudioVersion = 10.0.40219.1
Project("{FAE04EC0-301F-11D3-BF4B-00C04F79EFBC}") = "Test Aprendizaje", "Examen_TercerParical\Test Aprendizaje.csproj", "{5D27D10A-C195-4F03-8102-18D60F315B5B}"
EndProject
Global
	GlobalSection(SolutionConfigurationPlatforms) = preSolution
		Debug|Any CPU = Debug|Any CPU
		Release|Any CPU = Release|Any CPU
	EndGlobalSection
	GlobalSection(ProjectConfigurationPlatforms) = postSolution
		{5D27D10A-C195-4F03-8102-18D60F315B5B}.Debug|Any CPU.ActiveCfg = Debug|Any CPU
		{5D27D10A-C195-4F03-8102-18D60F315B5B}.Debug|Any CPU.Build.0 = Debug|Any CPU
		{5D27D10A-C195-4F03-8102-18D60F315B5B}.Release|Any CPU.ActiveCfg = Release|Any CPU
		{5D27D10A-C195-4F03-8102-18D60F315B5B}.Release|Any CPU.Build.0 = Release|Any CPU
	EndGlobalSection
	GlobalSection(SolutionProperties) = preSolution
		HideSolutionNode = FALSE
	EndGlobalSection
	GlobalSection(ExtensibilityGlobals) = postSolution
		SolutionGuid = {3070D87B-30AA-40A6-90F9-AEAC764489F1}
	EndGlobalSection
EndGlobal
